
Microsoft Visual Studio Solution File, Format Version 12.00
# Visual Studio 15
VisualStudioVersion = 15.0.28010.2026
MinimumVisualStudioVersion = 10.0.40219.1
Project("{9092AA53-FB77-4645-B42D-1CCCA6BD08BD}") = "ath-tt-scrapper", "ath-tt-scrapper\ath-tt-scrapper.njsproj", "{14416F39-C888-427E-83E5-BDEE9A085384}"
EndProject
Global
	GlobalSection(SolutionConfigurationPlatforms) = preSolution
		Debug|Any CPU = Debug|Any CPU
		Release|Any CPU = Release|Any CPU
	EndGlobalSection
	GlobalSection(ProjectConfigurationPlatforms) = postSolution
		{14416F39-C888-427E-83E5-BDEE9A085384}.Debug|Any CPU.ActiveCfg = Debug|Any CPU
		{14416F39-C888-427E-83E5-BDEE9A085384}.Debug|Any CPU.Build.0 = Debug|Any CPU
		{14416F39-C888-427E-83E5-BDEE9A085384}.Release|Any CPU.ActiveCfg = Release|Any CPU
		{14416F39-C888-427E-83E5-BDEE9A085384}.Release|Any CPU.Build.0 = Release|Any CPU
	EndGlobalSection
	GlobalSection(SolutionProperties) = preSolution
		HideSolutionNode = FALSE
	EndGlobalSection
	GlobalSection(ExtensibilityGlobals) = postSolution
		SolutionGuid = {213EC040-2BC5-4700-AEB5-21A4A40F63FF}
	EndGlobalSection
EndGlobal
